
Microsoft Visual Studio Solution File, Format Version 12.00
# Visual Studio Version 17
VisualStudioVersion = 17.0.32112.339
MinimumVisualStudioVersion = 10.0.40219.1
Project("{FAE04EC0-301F-11D3-BF4B-00C04F79EFBC}") = "UnderConstruction", "UnderConstruction.csproj", "{61121934-E1A7-4ADA-AC06-31F67F235AF8}"
EndProject
Project("{FAE04EC0-301F-11D3-BF4B-00C04F79EFBC}") = "TestBuilding", "..\TestBuilding\TestBuilding.csproj", "{1B144362-89D2-45FE-9D83-889A18560EDA}"
EndProject
Global
	GlobalSection(SolutionConfigurationPlatforms) = preSolution
		Debug|Any CPU = Debug|Any CPU
		Release|Any CPU = Release|Any CPU
	EndGlobalSection
	GlobalSection(ProjectConfigurationPlatforms) = postSolution
		{61121934-E1A7-4ADA-AC06-31F67F235AF8}.Debug|Any CPU.ActiveCfg = Debug|Any CPU
		{61121934-E1A7-4ADA-AC06-31F67F235AF8}.Debug|Any CPU.Build.0 = Debug|Any CPU
		{61121934-E1A7-4ADA-AC06-31F67F235AF8}.Release|Any CPU.ActiveCfg = Release|Any CPU
		{61121934-E1A7-4ADA-AC06-31F67F235AF8}.Release|Any CPU.Build.0 = Release|Any CPU
		{1B144362-89D2-45FE-9D83-889A18560EDA}.Debug|Any CPU.ActiveCfg = Debug|Any CPU
		{1B144362-89D2-45FE-9D83-889A18560EDA}.Debug|Any CPU.Build.0 = Debug|Any CPU
		{1B144362-89D2-45FE-9D83-889A18560EDA}.Release|Any CPU.ActiveCfg = Release|Any CPU
		{1B144362-89D2-45FE-9D83-889A18560EDA}.Release|Any CPU.Build.0 = Release|Any CPU
	EndGlobalSection
	GlobalSection(SolutionProperties) = preSolution
		HideSolutionNode = FALSE
	EndGlobalSection
	GlobalSection(ExtensibilityGlobals) = postSolution
		SolutionGuid = {0EDFDAF4-1CE1-4E6D-9562-906D62B24342}
	EndGlobalSection
EndGlobal
